{
  "name": "art",
  "version": "0.1.0",
  "lockfileVersion": 2,
  "requires": true,
  "packages": {
    "": {
      "name": "art",
      "version": "0.1.0",
      "dependencies": {
        "@primer/css": "^14.2.0",
        "@rails/actioncable": "^6.0.0",
        "@rails/activestorage": "^6.0.0",
        "@rails/ujs": "^6.0.0",
        "html5sortable": "^0.9.17",
        "turbolinks": "^5.2.0"
      }
    },
    "node_modules/@primer/css": {
      "version": "14.2.0",
      "resolved": "https://registry.npmjs.org/@primer/css/-/css-14.2.0.tgz",
      "integrity": "sha512-BvBuw0V8ypOFpFhvXRpPWQQ3w/piUMS/Pp/rRg3ddnw0eu2keC2Sj+CzJv3ofsiGoq7juHGfGQlqkOWmSQjXRw==",
      "dependencies": {
        "@primer/octicons": "^9.1.1"
      },
      "bin": {
        "primer-migrate": "bin/primer-migrate"
      }
    },
    "node_modules/@primer/octicons": {
      "version": "9.3.1",
      "resolved": "https://registry.npmjs.org/@primer/octicons/-/octicons-9.3.1.tgz",
      "integrity": "sha512-E0Knv/hUfwpfJOVh7cPXXJf6gfNiIMBtMbhnqjkWHnpT/+bPJk4Q3l/YG6sCWELZ05KYpHBunpHNOlTyw3mbwg==",
      "dependencies": {
        "object-assign": "^4.1.1"
      }
    },
    "node_modules/@rails/actioncable": {
      "version": "6.0.2",
      "resolved": "https://registry.npmjs.org/@rails/actioncable/-/actioncable-6.0.2.tgz",
      "integrity": "sha512-vN78gohsXPlC5jxBHlmiwkUI9bv6SulcZaE72kAIg/G4ou+wTdiMWPJK1bf2IxUNf+sfOjhl+tbRmY4AzJcgrw=="
    },
    "node_modules/@rails/activestorage": {
      "version": "6.0.2",
      "resolved": "https://registry.npmjs.org/@rails/activestorage/-/activestorage-6.0.2.tgz",
      "integrity": "sha512-X0uGBLNsSKvVw5n93rH7k+7rbxc3Cq7p0ShiQbrk1cN0xflGjElzEJRY3okZZHsKkCV+h6rFCk0BOBVrLSrJ0A==",
      "dependencies": {
        "spark-md5": "^3.0.0"
      }
    },
    "node_modules/@rails/ujs": {
      "version": "6.0.2",
      "resolved": "https://registry.npmjs.org/@rails/ujs/-/ujs-6.0.2.tgz",
      "integrity": "sha512-KSQjJG8yzSWC1IT+UtFQglefABU37hpJ7uAz39K1/iWtoaJaI9ydGIaxxpJBT/PmYv4kS6lCSjXq13DELeJocw=="
    },
    "node_modules/html5sortable": {
      "version": "0.9.17",
      "resolved": "https://registry.npmjs.org/html5sortable/-/html5sortable-0.9.17.tgz",
      "integrity": "sha512-zCr78fJY/EI0qjBZfhpv+V6twTd2+xf32TKsas9bUX5N9uEg0lDl+OCyhr38ebVRzkXjQ+O5xQFN5XCOHkUbTQ=="
    },
    "node_modules/object-assign": {
      "version": "4.1.1",
      "resolved": "https://registry.npmjs.org/object-assign/-/object-assign-4.1.1.tgz",
      "integrity": "sha1-IQmtx5ZYh8/AXLvUQsrIv7s2CGM=",
      "engines": {
        "node": ">=0.10.0"
      }
    },
    "node_modules/spark-md5": {
      "version": "3.0.0",
      "resolved": "https://registry.npmjs.org/spark-md5/-/spark-md5-3.0.0.tgz",
      "integrity": "sha1-NyIifFTi+vJLHcbZM8wUTm9xv+8="
    },
    "node_modules/turbolinks": {
      "version": "5.2.0",
      "resolved": "https://registry.npmjs.org/turbolinks/-/turbolinks-5.2.0.tgz",
      "integrity": "sha512-pMiez3tyBo6uRHFNNZoYMmrES/IaGgMhQQM+VFF36keryjb5ms0XkVpmKHkfW/4Vy96qiGW3K9bz0tF5sK9bBw=="
    }
  },
  "dependencies": {
    "@primer/css": {
      "version": "14.2.0",
      "resolved": "https://registry.npmjs.org/@primer/css/-/css-14.2.0.tgz",
      "integrity": "sha512-BvBuw0V8ypOFpFhvXRpPWQQ3w/piUMS/Pp/rRg3ddnw0eu2keC2Sj+CzJv3ofsiGoq7juHGfGQlqkOWmSQjXRw==",
      "requires": {
        "@primer/octicons": "^9.1.1"
      }
    },
    "@primer/octicons": {
      "version": "9.3.1",
      "resolved": "https://registry.npmjs.org/@primer/octicons/-/octicons-9.3.1.tgz",
      "integrity": "sha512-E0Knv/hUfwpfJOVh7cPXXJf6gfNiIMBtMbhnqjkWHnpT/+bPJk4Q3l/YG6sCWELZ05KYpHBunpHNOlTyw3mbwg==",
      "requires": {
        "object-assign": "^4.1.1"
      }
    },
    "@rails/actioncable": {
      "version": "6.0.2",
      "resolved": "https://registry.npmjs.org/@rails/actioncable/-/actioncable-6.0.2.tgz",
      "integrity": "sha512-vN78gohsXPlC5jxBHlmiwkUI9bv6SulcZaE72kAIg/G4ou+wTdiMWPJK1bf2IxUNf+sfOjhl+tbRmY4AzJcgrw=="
    },
    "@rails/activestorage": {
      "version": "6.0.2",
      "resolved": "https://registry.npmjs.org/@rails/activestorage/-/activestorage-6.0.2.tgz",
      "integrity": "sha512-X0uGBLNsSKvVw5n93rH7k+7rbxc3Cq7p0ShiQbrk1cN0xflGjElzEJRY3okZZHsKkCV+h6rFCk0BOBVrLSrJ0A==",
      "requires": {
        "spark-md5": "^3.0.0"
      }
    },
    "@rails/ujs": {
      "version": "6.0.2",
      "resolved": "https://registry.npmjs.org/@rails/ujs/-/ujs-6.0.2.tgz",
      "integrity": "sha512-KSQjJG8yzSWC1IT+UtFQglefABU37hpJ7uAz39K1/iWtoaJaI9ydGIaxxpJBT/PmYv4kS6lCSjXq13DELeJocw=="
    },
    "html5sortable": {
      "version": "0.9.17",
      "resolved": "https://registry.npmjs.org/html5sortable/-/html5sortable-0.9.17.tgz",
      "integrity": "sha512-zCr78fJY/EI0qjBZfhpv+V6twTd2+xf32TKsas9bUX5N9uEg0lDl+OCyhr38ebVRzkXjQ+O5xQFN5XCOHkUbTQ=="
    },
    "object-assign": {
      "version": "4.1.1",
      "resolved": "https://registry.npmjs.org/object-assign/-/object-assign-4.1.1.tgz",
      "integrity": "sha1-IQmtx5ZYh8/AXLvUQsrIv7s2CGM="
    },
    "spark-md5": {
      "version": "3.0.0",
      "resolved": "https://registry.npmjs.org/spark-md5/-/spark-md5-3.0.0.tgz",
      "integrity": "sha1-NyIifFTi+vJLHcbZM8wUTm9xv+8="
    },
    "turbolinks": {
      "version": "5.2.0",
      "resolved": "https://registry.npmjs.org/turbolinks/-/turbolinks-5.2.0.tgz",
      "integrity": "sha512-pMiez3tyBo6uRHFNNZoYMmrES/IaGgMhQQM+VFF36keryjb5ms0XkVpmKHkfW/4Vy96qiGW3K9bz0tF5sK9bBw=="
    }
  }
}
