# THIS IS AN AUTOGENERATED FILE. DO NOT EDIT THIS FILE DIRECTLY.
# yarn lockfile v1


"@primer/css@^14.2.0":
  "integrity" "sha512-BvBuw0V8ypOFpFhvXRpPWQQ3w/piUMS/Pp/rRg3ddnw0eu2keC2Sj+CzJv3ofsiGoq7juHGfGQlqkOWmSQjXRw=="
  "resolved" "https://registry.npmjs.org/@primer/css/-/css-14.2.0.tgz"
  "version" "14.2.0"
  dependencies:
    "@primer/octicons" "^9.1.1"

"@primer/octicons@^9.1.1":
  "integrity" "sha512-E0Knv/hUfwpfJOVh7cPXXJf6gfNiIMBtMbhnqjkWHnpT/+bPJk4Q3l/YG6sCWELZ05KYpHBunpHNOlTyw3mbwg=="
  "resolved" "https://registry.npmjs.org/@primer/octicons/-/octicons-9.3.1.tgz"
  "version" "9.3.1"
  dependencies:
    "object-assign" "^4.1.1"

"@rails/actioncable@^6.0.0":
  "integrity" "sha512-vN78gohsXPlC5jxBHlmiwkUI9bv6SulcZaE72kAIg/G4ou+wTdiMWPJK1bf2IxUNf+sfOjhl+tbRmY4AzJcgrw=="
  "resolved" "https://registry.npmjs.org/@rails/actioncable/-/actioncable-6.0.2.tgz"
  "version" "6.0.2"

"@rails/activestorage@^6.0.0":
  "integrity" "sha512-X0uGBLNsSKvVw5n93rH7k+7rbxc3Cq7p0ShiQbrk1cN0xflGjElzEJRY3okZZHsKkCV+h6rFCk0BOBVrLSrJ0A=="
  "resolved" "https://registry.npmjs.org/@rails/activestorage/-/activestorage-6.0.2.tgz"
  "version" "6.0.2"
  dependencies:
    "spark-md5" "^3.0.0"

"@rails/ujs@^6.0.0":
  "integrity" "sha512-KSQjJG8yzSWC1IT+UtFQglefABU37hpJ7uAz39K1/iWtoaJaI9ydGIaxxpJBT/PmYv4kS6lCSjXq13DELeJocw=="
  "resolved" "https://registry.npmjs.org/@rails/ujs/-/ujs-6.0.2.tgz"
  "version" "6.0.2"

"html5sortable@^0.9.17":
  "integrity" "sha512-zCr78fJY/EI0qjBZfhpv+V6twTd2+xf32TKsas9bUX5N9uEg0lDl+OCyhr38ebVRzkXjQ+O5xQFN5XCOHkUbTQ=="
  "resolved" "https://registry.npmjs.org/html5sortable/-/html5sortable-0.9.17.tgz"
  "version" "0.9.17"

"object-assign@^4.1.1":
  "integrity" "sha1-IQmtx5ZYh8/AXLvUQsrIv7s2CGM="
  "resolved" "https://registry.npmjs.org/object-assign/-/object-assign-4.1.1.tgz"
  "version" "4.1.1"

"spark-md5@^3.0.0":
  "integrity" "sha1-NyIifFTi+vJLHcbZM8wUTm9xv+8="
  "resolved" "https://registry.npmjs.org/spark-md5/-/spark-md5-3.0.0.tgz"
  "version" "3.0.0"

"turbolinks@^5.2.0":
  "integrity" "sha512-pMiez3tyBo6uRHFNNZoYMmrES/IaGgMhQQM+VFF36keryjb5ms0XkVpmKHkfW/4Vy96qiGW3K9bz0tF5sK9bBw=="
  "resolved" "https://registry.npmjs.org/turbolinks/-/turbolinks-5.2.0.tgz"
  "version" "5.2.0"
